
Microsoft Visual Studio Solution File, Format Version 12.00
# Visual Studio Version 16
VisualStudioVersion = 16.0.29123.88
MinimumVisualStudioVersion = 10.0.40219.1
Project("{9A19103F-16F7-4668-BE54-9A1E7A4F7556}") = "phonebookCollectionService", "phonebookCollectionService.csproj", "{6766D811-798B-48A4-8214-96203DE7044A}"
EndProject
Global
	GlobalSection(SolutionConfigurationPlatforms) = preSolution
		Debug|Any CPU = Debug|Any CPU
		Release|Any CPU = Release|Any CPU
	EndGlobalSection
	GlobalSection(ProjectConfigurationPlatforms) = postSolution
		{6766D811-798B-48A4-8214-96203DE7044A}.Debug|Any CPU.ActiveCfg = Debug|Any CPU
		{6766D811-798B-48A4-8214-96203DE7044A}.Debug|Any CPU.Build.0 = Debug|Any CPU
		{6766D811-798B-48A4-8214-96203DE7044A}.Release|Any CPU.ActiveCfg = Release|Any CPU
		{6766D811-798B-48A4-8214-96203DE7044A}.Release|Any CPU.Build.0 = Release|Any CPU
	EndGlobalSection
	GlobalSection(SolutionProperties) = preSolution
		HideSolutionNode = FALSE
	EndGlobalSection
	GlobalSection(ExtensibilityGlobals) = postSolution
		SolutionGuid = {E255FA79-854E-4ED4-ABE6-B0A941CC7138}
	EndGlobalSection
EndGlobal
